
Microsoft Visual Studio Solution File, Format Version 12.00
# Visual Studio Version 17
VisualStudioVersion = 17.13.35825.156 d17.13
MinimumVisualStudioVersion = 10.0.40219.1
Project("{FAE04EC0-301F-11D3-BF4B-00C04F79EFBC}") = "HealthyApi", "HealthyApi.csproj", "{18446F42-9507-4A00-9DF8-ABE26EAB6999}"
EndProject
Global
	GlobalSection(SolutionConfigurationPlatforms) = preSolution
		Debug|Any CPU = Debug|Any CPU
		Release|Any CPU = Release|Any CPU
	EndGlobalSection
	GlobalSection(ProjectConfigurationPlatforms) = postSolution
		{18446F42-9507-4A00-9DF8-ABE26EAB6999}.Debug|Any CPU.ActiveCfg = Debug|Any CPU
		{18446F42-9507-4A00-9DF8-ABE26EAB6999}.Debug|Any CPU.Build.0 = Debug|Any CPU
		{18446F42-9507-4A00-9DF8-ABE26EAB6999}.Release|Any CPU.ActiveCfg = Release|Any CPU
		{18446F42-9507-4A00-9DF8-ABE26EAB6999}.Release|Any CPU.Build.0 = Release|Any CPU
	EndGlobalSection
	GlobalSection(SolutionProperties) = preSolution
		HideSolutionNode = FALSE
	EndGlobalSection
	GlobalSection(ExtensibilityGlobals) = postSolution
		SolutionGuid = {4C36FBA7-0B6D-475A-96D7-3236CB7A98BF}
	EndGlobalSection
EndGlobal
